
Microsoft Visual Studio Solution File, Format Version 12.00
# Visual Studio Version 17
VisualStudioVersion = 17.9.34526.213
MinimumVisualStudioVersion = 10.0.40219.1
Project("{2150E333-8FDC-42A3-9474-1A3956D46DE8}") = "src", "src", "{35956A50-359C-4286-8CC4-62F8B4672E2C}"
EndProject
Project("{2150E333-8FDC-42A3-9474-1A3956D46DE8}") = "tests", "tests", "{A4778186-7138-4095-90BA-F6B3D3A5A5BB}"
EndProject
Project("{2150E333-8FDC-42A3-9474-1A3956D46DE8}") = "common", "common", "{EF95DF56-96A1-4592-8B3E-335BF8BAE3BD}"
	ProjectSection(SolutionItems) = preProject
		.gitattributes = .gitattributes
		.gitignore = .gitignore
		README.md = README.md
	EndProjectSection
EndProject
Project("{9A19103F-16F7-4668-BE54-9A1E7A4F7556}") = "EffectiveMobile.Cli", "src\EffectiveMobile.Cli\EffectiveMobile.Cli.csproj", "{78642BC0-B9A4-43DE-9440-6797AD55BB11}"
EndProject
Project("{FAE04EC0-301F-11D3-BF4B-00C04F79EFBC}") = "EffectiveMobile.Infrastructure", "src\EffectiveMobile.Infrastructure\EffectiveMobile.Infrastructure.csproj", "{F9653A19-16E5-4F1B-A3A8-5F31CBC9E9E0}"
EndProject
Project("{9A19103F-16F7-4668-BE54-9A1E7A4F7556}") = "EffectiveMobile.Core", "src\EffectiveMobile.Core\EffectiveMobile.Core.csproj", "{2927980A-293C-4160-92B5-FA8C98527375}"
EndProject
Global
	GlobalSection(SolutionConfigurationPlatforms) = preSolution
		Debug|Any CPU = Debug|Any CPU
		Release|Any CPU = Release|Any CPU
	EndGlobalSection
	GlobalSection(ProjectConfigurationPlatforms) = postSolution
		{78642BC0-B9A4-43DE-9440-6797AD55BB11}.Debug|Any CPU.ActiveCfg = Debug|Any CPU
		{78642BC0-B9A4-43DE-9440-6797AD55BB11}.Debug|Any CPU.Build.0 = Debug|Any CPU
		{78642BC0-B9A4-43DE-9440-6797AD55BB11}.Release|Any CPU.ActiveCfg = Release|Any CPU
		{78642BC0-B9A4-43DE-9440-6797AD55BB11}.Release|Any CPU.Build.0 = Release|Any CPU
		{F9653A19-16E5-4F1B-A3A8-5F31CBC9E9E0}.Debug|Any CPU.ActiveCfg = Debug|Any CPU
		{F9653A19-16E5-4F1B-A3A8-5F31CBC9E9E0}.Debug|Any CPU.Build.0 = Debug|Any CPU
		{F9653A19-16E5-4F1B-A3A8-5F31CBC9E9E0}.Release|Any CPU.ActiveCfg = Release|Any CPU
		{F9653A19-16E5-4F1B-A3A8-5F31CBC9E9E0}.Release|Any CPU.Build.0 = Release|Any CPU
		{2927980A-293C-4160-92B5-FA8C98527375}.Debug|Any CPU.ActiveCfg = Debug|Any CPU
		{2927980A-293C-4160-92B5-FA8C98527375}.Debug|Any CPU.Build.0 = Debug|Any CPU
		{2927980A-293C-4160-92B5-FA8C98527375}.Release|Any CPU.ActiveCfg = Release|Any CPU
		{2927980A-293C-4160-92B5-FA8C98527375}.Release|Any CPU.Build.0 = Release|Any CPU
	EndGlobalSection
	GlobalSection(SolutionProperties) = preSolution
		HideSolutionNode = FALSE
	EndGlobalSection
	GlobalSection(NestedProjects) = preSolution
		{78642BC0-B9A4-43DE-9440-6797AD55BB11} = {35956A50-359C-4286-8CC4-62F8B4672E2C}
		{F9653A19-16E5-4F1B-A3A8-5F31CBC9E9E0} = {35956A50-359C-4286-8CC4-62F8B4672E2C}
		{2927980A-293C-4160-92B5-FA8C98527375} = {35956A50-359C-4286-8CC4-62F8B4672E2C}
	EndGlobalSection
	GlobalSection(ExtensibilityGlobals) = postSolution
		SolutionGuid = {2DDAD71D-43DE-48FC-A2D5-DB529BE92AED}
	EndGlobalSection
EndGlobal
